
Microsoft Visual Studio Solution File, Format Version 12.00
# Visual Studio Version 17
VisualStudioVersion = 17.14.36109.1 d17.14
MinimumVisualStudioVersion = 10.0.40219.1
Project("{FAE04EC0-301F-11D3-BF4B-00C04F79EFBC}") = "Task5_Garage", "Task5_Garage\Task5_Garage.csproj", "{7007DA43-4665-4293-860F-444F9EB81876}"
EndProject
Global
	GlobalSection(SolutionConfigurationPlatforms) = preSolution
		Debug|Any CPU = Debug|Any CPU
		Release|Any CPU = Release|Any CPU
	EndGlobalSection
	GlobalSection(ProjectConfigurationPlatforms) = postSolution
		{7007DA43-4665-4293-860F-444F9EB81876}.Debug|Any CPU.ActiveCfg = Debug|Any CPU
		{7007DA43-4665-4293-860F-444F9EB81876}.Debug|Any CPU.Build.0 = Debug|Any CPU
		{7007DA43-4665-4293-860F-444F9EB81876}.Release|Any CPU.ActiveCfg = Release|Any CPU
		{7007DA43-4665-4293-860F-444F9EB81876}.Release|Any CPU.Build.0 = Release|Any CPU
	EndGlobalSection
	GlobalSection(SolutionProperties) = preSolution
		HideSolutionNode = FALSE
	EndGlobalSection
	GlobalSection(ExtensibilityGlobals) = postSolution
		SolutionGuid = {B701595F-3535-4C51-B481-35282C4C3498}
	EndGlobalSection
EndGlobal
